
Microsoft Visual Studio Solution File, Format Version 12.00
# Visual Studio 15
VisualStudioVersion = 15.0.27703.2047
MinimumVisualStudioVersion = 10.0.40219.1
Project("{FAE04EC0-301F-11D3-BF4B-00C04F79EFBC}") = "NumberGuesser", "NumberGuesser.csproj", "{BABA7809-05EF-4624-8EAD-1634F80BEAD1}"
EndProject
Global
	GlobalSection(SolutionConfigurationPlatforms) = preSolution
		Debug|Any CPU = Debug|Any CPU
		Release|Any CPU = Release|Any CPU
	EndGlobalSection
	GlobalSection(ProjectConfigurationPlatforms) = postSolution
		{BABA7809-05EF-4624-8EAD-1634F80BEAD1}.Debug|Any CPU.ActiveCfg = Debug|Any CPU
		{BABA7809-05EF-4624-8EAD-1634F80BEAD1}.Debug|Any CPU.Build.0 = Debug|Any CPU
		{BABA7809-05EF-4624-8EAD-1634F80BEAD1}.Release|Any CPU.ActiveCfg = Release|Any CPU
		{BABA7809-05EF-4624-8EAD-1634F80BEAD1}.Release|Any CPU.Build.0 = Release|Any CPU
	EndGlobalSection
	GlobalSection(SolutionProperties) = preSolution
		HideSolutionNode = FALSE
	EndGlobalSection
	GlobalSection(ExtensibilityGlobals) = postSolution
		SolutionGuid = {A964251B-48F3-4FFE-9BA4-FDF8742E562E}
	EndGlobalSection
EndGlobal
